<Solution>
  <Folder Name="/Elementos de la solución/">
    <File Path=".dockerignore" />
    <File Path="Dockerfile" />
  </Folder>
  <Folder Name="/src/">
    <Project Path="src/Portfolio.API/Portfolio.API.csproj" />
    <Project Path="src/Portfolio.Application/Portfolio.Application.csproj" />
    <Project Path="src/Portfolio.Domain/Portfolio.Domain.csproj" />
    <Project Path="src/Portfolio.Infrastructure/Portfolio.Infrastructure.csproj" />
  </Folder>
</Solution>
